Microsoft Visual Studio Solution File, Format Version 12.00
# Visual Studio Version 17
VisualStudioVersion = 17.5.2.0
MinimumVisualStudioVersion = 10.0.40219.1
Project("{FAE04EC0-301F-11D3-BF4B-00C04F79EFBC}") = "FitData.Tests", "FitData.Tests.csproj", "{00990160-88DB-739C-30E8-46B86731DAB8}"
EndProject
Global
	GlobalSection(SolutionConfigurationPlatforms) = preSolution
		Debug|Any CPU = Debug|Any CPU
		Release|Any CPU = Release|Any CPU
	EndGlobalSection
	GlobalSection(ProjectConfigurationPlatforms) = postSolution
		{00990160-88DB-739C-30E8-46B86731DAB8}.Debug|Any CPU.ActiveCfg = Debug|Any CPU
		{00990160-88DB-739C-30E8-46B86731DAB8}.Debug|Any CPU.Build.0 = Debug|Any CPU
		{00990160-88DB-739C-30E8-46B86731DAB8}.Release|Any CPU.ActiveCfg = Release|Any CPU
		{00990160-88DB-739C-30E8-46B86731DAB8}.Release|Any CPU.Build.0 = Release|Any CPU
	EndGlobalSection
	GlobalSection(SolutionProperties) = preSolution
		HideSolutionNode = FALSE
	EndGlobalSection
	GlobalSection(ExtensibilityGlobals) = postSolution
		SolutionGuid = {AFD9CB96-9508-496D-840F-30A6267BA0F1}
	EndGlobalSection
EndGlobal
